
Microsoft Visual Studio Solution File, Format Version 12.00
# Visual Studio Version 17
VisualStudioVersion = 17.1.32210.238
MinimumVisualStudioVersion = 10.0.40219.1
Project("{FAE04EC0-301F-11D3-BF4B-00C04F79EFBC}") = "FrontEnd", "Front end\FrontEnd.csproj", "{22A46F7A-BDD0-4564-B60E-568A4BB25DB9}"
EndProject
Global
	GlobalSection(SolutionConfigurationPlatforms) = preSolution
		Debug|Any CPU = Debug|Any CPU
		Release|Any CPU = Release|Any CPU
	EndGlobalSection
	GlobalSection(ProjectConfigurationPlatforms) = postSolution
		{22A46F7A-BDD0-4564-B60E-568A4BB25DB9}.Debug|Any CPU.ActiveCfg = Debug|Any CPU
		{22A46F7A-BDD0-4564-B60E-568A4BB25DB9}.Debug|Any CPU.Build.0 = Debug|Any CPU
		{22A46F7A-BDD0-4564-B60E-568A4BB25DB9}.Release|Any CPU.ActiveCfg = Release|Any CPU
		{22A46F7A-BDD0-4564-B60E-568A4BB25DB9}.Release|Any CPU.Build.0 = Release|Any CPU
	EndGlobalSection
	GlobalSection(SolutionProperties) = preSolution
		HideSolutionNode = FALSE
	EndGlobalSection
	GlobalSection(ExtensibilityGlobals) = postSolution
		SolutionGuid = {17D66D0E-E6DD-47EB-9975-A74D1BCD2EC8}
	EndGlobalSection
EndGlobal
